
Microsoft Visual Studio Solution File, Format Version 12.00
# Visual Studio Version 16
VisualStudioVersion = 16.0.33423.256
MinimumVisualStudioVersion = 10.0.40219.1
Project("{FAE04EC0-301F-11D3-BF4B-00C04F79EFBC}") = "Problema_da_soma_reservada", "Problema_da_soma_reservada\Problema_da_soma_reservada.csproj", "{3279B239-2DD4-46B9-B932-8DC067A8FE94}"
EndProject
Global
	GlobalSection(SolutionConfigurationPlatforms) = preSolution
		Debug|Any CPU = Debug|Any CPU
		Release|Any CPU = Release|Any CPU
	EndGlobalSection
	GlobalSection(ProjectConfigurationPlatforms) = postSolution
		{3279B239-2DD4-46B9-B932-8DC067A8FE94}.Debug|Any CPU.ActiveCfg = Debug|Any CPU
		{3279B239-2DD4-46B9-B932-8DC067A8FE94}.Debug|Any CPU.Build.0 = Debug|Any CPU
		{3279B239-2DD4-46B9-B932-8DC067A8FE94}.Release|Any CPU.ActiveCfg = Release|Any CPU
		{3279B239-2DD4-46B9-B932-8DC067A8FE94}.Release|Any CPU.Build.0 = Release|Any CPU
	EndGlobalSection
	GlobalSection(SolutionProperties) = preSolution
		HideSolutionNode = FALSE
	EndGlobalSection
	GlobalSection(ExtensibilityGlobals) = postSolution
		SolutionGuid = {ED5DC37E-66D7-4975-91DE-98F7E7C5BDC7}
	EndGlobalSection
EndGlobal
